# THIS IS AN AUTOGENERATED FILE. DO NOT EDIT THIS FILE DIRECTLY.
# yarn lockfile v1


"@hotwired/turbo@^7.2.5":
  version "7.2.5"
  resolved "https://registry.yarnpkg.com/@hotwired/turbo/-/turbo-7.2.5.tgz#2d9d6bde8a9549c3aea8970445ade16ffd56719a"
  integrity sha512-o5PByC/mWkmTe4pWnKrixhPECJUxIT/NHtxKqjq7n9Fj6JlNza1pgxdTCJVIq+PI0j95U+7mA3N4n4A/QYZtZQ==
